
Microsoft Visual Studio Solution File, Format Version 12.00
# Visual Studio 15
VisualStudioVersion = 15.0.28307.168
MinimumVisualStudioVersion = 10.0.40219.1
Project("{FAE04EC0-301F-11D3-BF4B-00C04F79EFBC}") = "Notifier", "Notifier\Notifier.csproj", "{F41E5399-EE8C-4A4D-9CA3-F5839D302998}"
EndProject
Project("{FAE04EC0-301F-11D3-BF4B-00C04F79EFBC}") = "NotifierLibrary", "NotifierLibrary\NotifierLibrary.csproj", "{B4D0D882-40A6-47AD-B3D9-E8A45D2930E1}"
EndProject
Global
	GlobalSection(SolutionConfigurationPlatforms) = preSolution
		Debug|Any CPU = Debug|Any CPU
		Release|Any CPU = Release|Any CPU
	EndGlobalSection
	GlobalSection(ProjectConfigurationPlatforms) = postSolution
		{F41E5399-EE8C-4A4D-9CA3-F5839D302998}.Debug|Any CPU.ActiveCfg = Debug|Any CPU
		{F41E5399-EE8C-4A4D-9CA3-F5839D302998}.Debug|Any CPU.Build.0 = Debug|Any CPU
		{F41E5399-EE8C-4A4D-9CA3-F5839D302998}.Release|Any CPU.ActiveCfg = Release|Any CPU
		{F41E5399-EE8C-4A4D-9CA3-F5839D302998}.Release|Any CPU.Build.0 = Release|Any CPU
		{B4D0D882-40A6-47AD-B3D9-E8A45D2930E1}.Debug|Any CPU.ActiveCfg = Debug|Any CPU
		{B4D0D882-40A6-47AD-B3D9-E8A45D2930E1}.Debug|Any CPU.Build.0 = Debug|Any CPU
		{B4D0D882-40A6-47AD-B3D9-E8A45D2930E1}.Release|Any CPU.ActiveCfg = Release|Any CPU
		{B4D0D882-40A6-47AD-B3D9-E8A45D2930E1}.Release|Any CPU.Build.0 = Release|Any CPU
	EndGlobalSection
	GlobalSection(SolutionProperties) = preSolution
		HideSolutionNode = FALSE
	EndGlobalSection
	GlobalSection(ExtensibilityGlobals) = postSolution
		SolutionGuid = {E26F2619-FE50-49D6-827F-1B9A40A494DA}
	EndGlobalSection
EndGlobal
